// !$*UTF8*$!
{
	archiveVersion = 1;
	classes = {
	};
	objectVersion = 56;
	objects = {

/* Begin PBXBuildFile section */
		90165DEC2BF21AD600B3FB44 /* InstagramCloneApp.swift in Sources */ = {isa = PBXBuildFile; fileRef = 90165DEB2BF21AD600B3FB44 /* InstagramCloneApp.swift */; };
		90165DEE2BF21AD600B3FB44 /* ContentView.swift in Sources */ = {isa = PBXBuildFile; fileRef = 90165DED2BF21AD600B3FB44 /* ContentView.swift */; };
		90165DF02BF21AD800B3FB44 /* Assets.xcassets in Resources */ = {isa = PBXBuildFile; fileRef = 90165DEF2BF21AD800B3FB44 /* Assets.xcassets */; };
		90165DF32BF21AD800B3FB44 /* Preview Assets.xcassets in Resources */ = {isa = PBXBuildFile; fileRef = 90165DF22BF21AD800B3FB44 /* Preview Assets.xcassets */; };
		90165E092BF2218B00B3FB44 /* MainTabView.swift in Sources */ = {isa = PBXBuildFile; fileRef = 90165E082BF2218B00B3FB44 /* MainTabView.swift */; };
		90165E0B2BF2226700B3FB44 /* ProfileView.swift in Sources */ = {isa = PBXBuildFile; fileRef = 90165E0A2BF2226700B3FB44 /* ProfileView.swift */; };
		90165E0E2BF2364200B3FB44 /* UserStatsView.swift in Sources */ = {isa = PBXBuildFile; fileRef = 90165E0D2BF2364200B3FB44 /* UserStatsView.swift */; };
		90165E102BF3338100B3FB44 /* FeedCell.swift in Sources */ = {isa = PBXBuildFile; fileRef = 90165E0F2BF3338100B3FB44 /* FeedCell.swift */; };
		90165E122BF3367B00B3FB44 /* FeedView.swift in Sources */ = {isa = PBXBuildFile; fileRef = 90165E112BF3367B00B3FB44 /* FeedView.swift */; };
		90165E142BF3397900B3FB44 /* SearchView.swift in Sources */ = {isa = PBXBuildFile; fileRef = 90165E132BF3397900B3FB44 /* SearchView.swift */; };
		90165E162BF35CAF00B3FB44 /* LoginView.swift in Sources */ = {isa = PBXBuildFile; fileRef = 90165E152BF35CAF00B3FB44 /* LoginView.swift */; };
		90165E182BF3628600B3FB44 /* RegisterView.swift in Sources */ = {isa = PBXBuildFile; fileRef = 90165E172BF3628600B3FB44 /* RegisterView.swift */; };
		90165E1A2BF3631E00B3FB44 /* AddEmailView.swift in Sources */ = {isa = PBXBuildFile; fileRef = 90165E192BF3631E00B3FB44 /* AddEmailView.swift */; };
		90165E1E2BF366A700B3FB44 /* TextFieldModifier.swift in Sources */ = {isa = PBXBuildFile; fileRef = 90165E1D2BF366A700B3FB44 /* TextFieldModifier.swift */; };
		90165E202BF3674E00B3FB44 /* CreateUsernameView.swift in Sources */ = {isa = PBXBuildFile; fileRef = 90165E1F2BF3674E00B3FB44 /* CreateUsernameView.swift */; };
		9049F8342BF7571600BF9629 /* User.swift in Sources */ = {isa = PBXBuildFile; fileRef = 9049F8332BF7571600BF9629 /* User.swift */; };
		9049F8362BF75C4E00BF9629 /* CurrentUserProfileView.swift in Sources */ = {isa = PBXBuildFile; fileRef = 9049F8352BF75C4E00BF9629 /* CurrentUserProfileView.swift */; };
		9049F8382BF75F5A00BF9629 /* Post.swift in Sources */ = {isa = PBXBuildFile; fileRef = 9049F8372BF75F5A00BF9629 /* Post.swift */; };
		90F213322BFCA19F00852810 /* UploadPost.swift in Sources */ = {isa = PBXBuildFile; fileRef = 90F213312BFCA19F00852810 /* UploadPost.swift */; };
		90F213342BFCA5E100852810 /* UploadPostViewModel.swift in Sources */ = {isa = PBXBuildFile; fileRef = 90F213332BFCA5E100852810 /* UploadPostViewModel.swift */; };
/* End PBXBuildFile section */

/* Begin PBXFileReference section */
		90165DE82BF21AD600B3FB44 /* InstagramClone.app */ = {isa = PBXFileReference; explicitFileType = wrapper.application; includeInIndex = 0; path = InstagramClone.app; sourceTree = BUILT_PRODUCTS_DIR; };
		90165DEB2BF21AD600B3FB44 /* InstagramCloneApp.swift */ = {isa = PBXFileReference; lastKnownFileType = sourcecode.swift; path = InstagramCloneApp.swift; sourceTree = "<group>"; };
		90165DED2BF21AD600B3FB44 /* ContentView.swift */ = {isa = PBXFileReference; lastKnownFileType = sourcecode.swift; path = ContentView.swift; sourceTree = "<group>"; };
		90165DEF2BF21AD800B3FB44 /* Assets.xcassets */ = {isa = PBXFileReference; lastKnownFileType = folder.assetcatalog; path = Assets.xcassets; sourceTree = "<group>"; };
		90165DF22BF21AD800B3FB44 /* Preview Assets.xcassets */ = {isa = PBXFileReference; lastKnownFileType = folder.assetcatalog; path = "Preview Assets.xcassets"; sourceTree = "<group>"; };
		90165E082BF2218B00B3FB44 /* MainTabView.swift */ = {isa = PBXFileReference; lastKnownFileType = sourcecode.swift; path = MainTabView.swift; sourceTree = "<group>"; };
		90165E0A2BF2226700B3FB44 /* ProfileView.swift */ = {isa = PBXFileReference; lastKnownFileType = sourcecode.swift; path = ProfileView.swift; sourceTree = "<group>"; };
		90165E0D2BF2364200B3FB44 /* UserStatsView.swift */ = {isa = PBXFileReference; lastKnownFileType = sourcecode.swift; path = UserStatsView.swift; sourceTree = "<group>"; };
		90165E0F2BF3338100B3FB44 /* FeedCell.swift */ = {isa = PBXFileReference; lastKnownFileType = sourcecode.swift; path = FeedCell.swift; sourceTree = "<group>"; };
		90165E112BF3367B00B3FB44 /* FeedView.swift */ = {isa = PBXFileReference; lastKnownFileType = sourcecode.swift; path = FeedView.swift; sourceTree = "<group>"; };
		90165E132BF3397900B3FB44 /* SearchView.swift */ = {isa = PBXFileReference; lastKnownFileType = sourcecode.swift; path = SearchView.swift; sourceTree = "<group>"; };
		90165E152BF35CAF00B3FB44 /* LoginView.swift */ = {isa = PBXFileReference; lastKnownFileType = sourcecode.swift; path = LoginView.swift; sourceTree = "<group>"; };
		90165E172BF3628600B3FB44 /* RegisterView.swift */ = {isa = PBXFileReference; lastKnownFileType = sourcecode.swift; path = RegisterView.swift; sourceTree = "<group>"; };
		90165E192BF3631E00B3FB44 /* AddEmailView.swift */ = {isa = PBXFileReference; lastKnownFileType = sourcecode.swift; path = AddEmailView.swift; sourceTree = "<group>"; };
		90165E1D2BF366A700B3FB44 /* TextFieldModifier.swift */ = {isa = PBXFileReference; lastKnownFileType = sourcecode.swift; path = TextFieldModifier.swift; sourceTree = "<group>"; };
		90165E1F2BF3674E00B3FB44 /* CreateUsernameView.swift */ = {isa = PBXFileReference; lastKnownFileType = sourcecode.swift; path = CreateUsernameView.swift; sourceTree = "<group>"; };
		9049F8332BF7571600BF9629 /* User.swift */ = {isa = PBXFileReference; lastKnownFileType = sourcecode.swift; path = User.swift; sourceTree = "<group>"; };
		9049F8352BF75C4E00BF9629 /* CurrentUserProfileView.swift */ = {isa = PBXFileReference; lastKnownFileType = sourcecode.swift; path = CurrentUserProfileView.swift; sourceTree = "<group>"; };
		9049F8372BF75F5A00BF9629 /* Post.swift */ = {isa = PBXFileReference; lastKnownFileType = sourcecode.swift; path = Post.swift; sourceTree = "<group>"; };
		90F213312BFCA19F00852810 /* UploadPost.swift */ = {isa = PBXFileReference; lastKnownFileType = sourcecode.swift; path = UploadPost.swift; sourceTree = "<group>"; };
		90F213332BFCA5E100852810 /* UploadPostViewModel.swift */ = {isa = PBXFileReference; lastKnownFileType = sourcecode.swift; path = UploadPostViewModel.swift; sourceTree = "<group>"; };
/* End PBXFileReference section */

/* Begin PBXFrameworksBuildPhase section */
		90165DE52BF21AD600B3FB44 /* Frameworks */ = {
			isa = PBXFrameworksBuildPhase;
			buildActionMask = 2147483647;
			files = (
			);
			runOnlyForDeploymentPostprocessing = 0;
		};
/* End PBXFrameworksBuildPhase section */

/* Begin PBXGroup section */
		90165DDF2BF21AD600B3FB44 = {
			isa = PBXGroup;
			children = (
				90165DEA2BF21AD600B3FB44 /* InstagramClone */,
				90165DE92BF21AD600B3FB44 /* Products */,
			);
			sourceTree = "<group>";
		};
		90165DE92BF21AD600B3FB44 /* Products */ = {
			isa = PBXGroup;
			children = (
				90165DE82BF21AD600B3FB44 /* InstagramClone.app */,
			);
			name = Products;
			sourceTree = "<group>";
		};
		90165DEA2BF21AD600B3FB44 /* InstagramClone */ = {
			isa = PBXGroup;
			children = (
				90165DF92BF21BFD00B3FB44 /* App */,
				90165DFA2BF21CB000B3FB44 /* Core */,
				90165DFB2BF21CB700B3FB44 /* Extensions */,
				90165DFC2BF21CC500B3FB44 /* Model */,
				90165DFD2BF21CCD00B3FB44 /* Services */,
				90165DED2BF21AD600B3FB44 /* ContentView.swift */,
				90165DEF2BF21AD800B3FB44 /* Assets.xcassets */,
				90165DF12BF21AD800B3FB44 /* Preview Content */,
			);
			path = InstagramClone;
			sourceTree = "<group>";
		};
		90165DF12BF21AD800B3FB44 /* Preview Content */ = {
			isa = PBXGroup;
			children = (
				90165DF22BF21AD800B3FB44 /* Preview Assets.xcassets */,
			);
			path = "Preview Content";
			sourceTree = "<group>";
		};
		90165DF92BF21BFD00B3FB44 /* App */ = {
			isa = PBXGroup;
			children = (
				90165DEB2BF21AD600B3FB44 /* InstagramCloneApp.swift */,
			);
			path = App;
			sourceTree = "<group>";
		};
		90165DFA2BF21CB000B3FB44 /* Core */ = {
			isa = PBXGroup;
			children = (
				90165E0C2BF2362D00B3FB44 /* Components */,
				90165E072BF21D2B00B3FB44 /* Search */,
				90165E062BF21D2600B3FB44 /* Root */,
				90165E052BF21D0600B3FB44 /* TabBar */,
				90165E042BF21D0600B3FB44 /* UploadPost */,
				90165E032BF21D0500B3FB44 /* Authentication */,
				90165DFF2BF21CF300B3FB44 /* Feed */,
				90165DFE2BF21CF200B3FB44 /* Profile */,
			);
			path = Core;
			sourceTree = "<group>";
		};
		90165DFB2BF21CB700B3FB44 /* Extensions */ = {
			isa = PBXGroup;
			children = (
			);
			name = Extensions;
			path = "New Group1";
			sourceTree = "<group>";
		};
		90165DFC2BF21CC500B3FB44 /* Model */ = {
			isa = PBXGroup;
			children = (
				9049F8332BF7571600BF9629 /* User.swift */,
				9049F8372BF75F5A00BF9629 /* Post.swift */,
			);
			name = Model;
			path = "New Group";
			sourceTree = "<group>";
		};
		90165DFD2BF21CCD00B3FB44 /* Services */ = {
			isa = PBXGroup;
			children = (
			);
			path = Services;
			sourceTree = "<group>";
		};
		90165DFE2BF21CF200B3FB44 /* Profile */ = {
			isa = PBXGroup;
			children = (
				90165E0A2BF2226700B3FB44 /* ProfileView.swift */,
				9049F8352BF75C4E00BF9629 /* CurrentUserProfileView.swift */,
			);
			path = Profile;
			sourceTree = "<group>";
		};
		90165DFF2BF21CF300B3FB44 /* Feed */ = {
			isa = PBXGroup;
			children = (
				90165E0F2BF3338100B3FB44 /* FeedCell.swift */,
				90165E112BF3367B00B3FB44 /* FeedView.swift */,
			);
			name = Feed;
			sourceTree = "<group>";
		};
		90165E032BF21D0500B3FB44 /* Authentication */ = {
			isa = PBXGroup;
			children = (
				90165E152BF35CAF00B3FB44 /* LoginView.swift */,
				90165E172BF3628600B3FB44 /* RegisterView.swift */,
				90165E192BF3631E00B3FB44 /* AddEmailView.swift */,
				90165E1F2BF3674E00B3FB44 /* CreateUsernameView.swift */,
			);
			path = Authentication;
			sourceTree = "<group>";
		};
		90165E042BF21D0600B3FB44 /* UploadPost */ = {
			isa = PBXGroup;
			children = (
				90F213312BFCA19F00852810 /* UploadPost.swift */,
				90F213332BFCA5E100852810 /* UploadPostViewModel.swift */,
			);
			name = UploadPost;
			sourceTree = "<group>";
		};
		90165E052BF21D0600B3FB44 /* TabBar */ = {
			isa = PBXGroup;
			children = (
				90165E082BF2218B00B3FB44 /* MainTabView.swift */,
			);
			name = TabBar;
			sourceTree = "<group>";
		};
		90165E062BF21D2600B3FB44 /* Root */ = {
			isa = PBXGroup;
			children = (
			);
			name = Root;
			sourceTree = "<group>";
		};
		90165E072BF21D2B00B3FB44 /* Search */ = {
			isa = PBXGroup;
			children = (
				90165E132BF3397900B3FB44 /* SearchView.swift */,
			);
			name = Search;
			sourceTree = "<group>";
		};
		90165E0C2BF2362D00B3FB44 /* Components */ = {
			isa = PBXGroup;
			children = (
				90165E0D2BF2364200B3FB44 /* UserStatsView.swift */,
				90165E1D2BF366A700B3FB44 /* TextFieldModifier.swift */,
			);
			name = Components;
			sourceTree = "<group>";
		};
/* End PBXGroup section */

/* Begin PBXNativeTarget section */
		90165DE72BF21AD600B3FB44 /* InstagramClone */ = {
			isa = PBXNativeTarget;
			buildConfigurationList = 90165DF62BF21AD800B3FB44 /* Build configuration list for PBXNativeTarget "InstagramClone" */;
			buildPhases = (
				90165DE42BF21AD600B3FB44 /* Sources */,
				90165DE52BF21AD600B3FB44 /* Frameworks */,
				90165DE62BF21AD600B3FB44 /* Resources */,
			);
			buildRules = (
			);
			dependencies = (
			);
			name = InstagramClone;
			productName = InstagramClone;
			productReference = 90165DE82BF21AD600B3FB44 /* InstagramClone.app */;
			productType = "com.apple.product-type.application";
		};
/* End PBXNativeTarget section */

/* Begin PBXProject section */
		90165DE02BF21AD600B3FB44 /* Project object */ = {
			isa = PBXProject;
			attributes = {
				BuildIndependentTargetsInParallel = 1;
				LastSwiftUpdateCheck = 1530;
				LastUpgradeCheck = 1530;
				TargetAttributes = {
					90165DE72BF21AD600B3FB44 = {
						CreatedOnToolsVersion = 15.3;
					};
				};
			};
			buildConfigurationList = 90165DE32BF21AD600B3FB44 /* Build configuration list for PBXProject "InstagramClone" */;
			compatibilityVersion = "Xcode 14.0";
			developmentRegion = en;
			hasScannedForEncodings = 0;
			knownRegions = (
				en,
				Base,
			);
			mainGroup = 90165DDF2BF21AD600B3FB44;
			productRefGroup = 90165DE92BF21AD600B3FB44 /* Products */;
			projectDirPath = "";
			projectRoot = "";
			targets = (
				90165DE72BF21AD600B3FB44 /* InstagramClone */,
			);
		};
/* End PBXProject section */

/* Begin PBXResourcesBuildPhase section */
		90165DE62BF21AD600B3FB44 /* Resources */ = {
			isa = PBXResourcesBuildPhase;
			buildActionMask = 2147483647;
			files = (
				90165DF32BF21AD800B3FB44 /* Preview Assets.xcassets in Resources */,
				90165DF02BF21AD800B3FB44 /* Assets.xcassets in Resources */,
			);
			runOnlyForDeploymentPostprocessing = 0;
		};
/* End PBXResourcesBuildPhase section */

/* Begin PBXSourcesBuildPhase section */
		90165DE42BF21AD600B3FB44 /* Sources */ = {
			isa = PBXSourcesBuildPhase;
			buildActionMask = 2147483647;
			files = (
				90165E122BF3367B00B3FB44 /* FeedView.swift in Sources */,
				90165E202BF3674E00B3FB44 /* CreateUsernameView.swift in Sources */,
				9049F8362BF75C4E00BF9629 /* CurrentUserProfileView.swift in Sources */,
				90165E182BF3628600B3FB44 /* RegisterView.swift in Sources */,
				90165E0B2BF2226700B3FB44 /* ProfileView.swift in Sources */,
				90165DEE2BF21AD600B3FB44 /* ContentView.swift in Sources */,
				90165E162BF35CAF00B3FB44 /* LoginView.swift in Sources */,
				9049F8342BF7571600BF9629 /* User.swift in Sources */,
				90165DEC2BF21AD600B3FB44 /* InstagramCloneApp.swift in Sources */,
				90165E1E2BF366A700B3FB44 /* TextFieldModifier.swift in Sources */,
				90165E142BF3397900B3FB44 /* SearchView.swift in Sources */,
				90F213342BFCA5E100852810 /* UploadPostViewModel.swift in Sources */,
				9049F8382BF75F5A00BF9629 /* Post.swift in Sources */,
				90165E092BF2218B00B3FB44 /* MainTabView.swift in Sources */,
				90165E0E2BF2364200B3FB44 /* UserStatsView.swift in Sources */,
				90F213322BFCA19F00852810 /* UploadPost.swift in Sources */,
				90165E1A2BF3631E00B3FB44 /* AddEmailView.swift in Sources */,
				90165E102BF3338100B3FB44 /* FeedCell.swift in Sources */,
			);
			runOnlyForDeploymentPostprocessing = 0;
		};
/* End PBXSourcesBuildPhase section */

/* Begin XCBuildConfiguration section */
		90165DF42BF21AD800B3FB44 /* Debug */ = {
			isa = XCBuildConfiguration;
			buildSettings = {
				ALWAYS_SEARCH_USER_PATHS = NO;
				ASSETCATALOG_COMPILER_GENERATE_SWIFT_ASSET_SYMBOL_EXTENSIONS = YES;
				CLANG_ANALYZER_NONNULL = YES;
				CLANG_ANALYZER_NUMBER_OBJECT_CONVERSION = YES_AGGRESSIVE;
				CLANG_CXX_LANGUAGE_STANDARD = "gnu++20";
				CLANG_ENABLE_MODULES = YES;
				CLANG_ENABLE_OBJC_ARC = YES;
				CLANG_ENABLE_OBJC_WEAK = YES;
				CLANG_WARN_BLOCK_CAPTURE_AUTORELEASING = YES;
				CLANG_WARN_BOOL_CONVERSION = YES;
				CLANG_WARN_COMMA = YES;
				CLANG_WARN_CONSTANT_CONVERSION = YES;
				CLANG_WARN_DEPRECATED_OBJC_IMPLEMENTATIONS = YES;
				CLANG_WARN_DIRECT_OBJC_ISA_USAGE = YES_ERROR;
				CLANG_WARN_DOCUMENTATION_COMMENTS = YES;
				CLANG_WARN_EMPTY_BODY = YES;
				CLANG_WARN_ENUM_CONVERSION = YES;
				CLANG_WARN_INFINITE_RECURSION = YES;
				CLANG_WARN_INT_CONVERSION = YES;
				CLANG_WARN_NON_LITERAL_NULL_CONVERSION = YES;
				CLANG_WARN_OBJC_IMPLICIT_RETAIN_SELF = YES;
				CLANG_WARN_OBJC_LITERAL_CONVERSION = YES;
				CLANG_WARN_OBJC_ROOT_CLASS = YES_ERROR;
				CLANG_WARN_QUOTED_INCLUDE_IN_FRAMEWORK_HEADER = YES;
				CLANG_WARN_RANGE_LOOP_ANALYSIS = YES;
				CLANG_WARN_STRICT_PROTOTYPES = YES;
				CLANG_WARN_SUSPICIOUS_MOVE = YES;
				CLANG_WARN_UNGUARDED_AVAILABILITY = YES_AGGRESSIVE;
				CLANG_WARN_UNREACHABLE_CODE = YES;
				CLANG_WARN__DUPLICATE_METHOD_MATCH = YES;
				COPY_PHASE_STRIP = NO;
				DEBUG_INFORMATION_FORMAT = dwarf;
				ENABLE_STRICT_OBJC_MSGSEND = YES;
				ENABLE_TESTABILITY = YES;
				ENABLE_USER_SCRIPT_SANDBOXING = YES;
				GCC_C_LANGUAGE_STANDARD = gnu17;
				GCC_DYNAMIC_NO_PIC = NO;
				GCC_NO_COMMON_BLOCKS = YES;
				GCC_OPTIMIZATION_LEVEL = 0;
				GCC_PREPROCESSOR_DEFINITIONS = (
					"DEBUG=1",
					"$(inherited)",
				);
				GCC_WARN_64_TO_32_BIT_CONVERSION = YES;
				GCC_WARN_ABOUT_RETURN_TYPE = YES_ERROR;
				GCC_WARN_UNDECLARED_SELECTOR = YES;
				GCC_WARN_UNINITIALIZED_AUTOS = YES_AGGRESSIVE;
				GCC_WARN_UNUSED_FUNCTION = YES;
				GCC_WARN_UNUSED_VARIABLE = YES;
				IPHONEOS_DEPLOYMENT_TARGET = 17.4;
				LOCALIZATION_PREFERS_STRING_CATALOGS = YES;
				MTL_ENABLE_DEBUG_INFO = INCLUDE_SOURCE;
				MTL_FAST_MATH = YES;
				ONLY_ACTIVE_ARCH = YES;
				SDKROOT = iphoneos;
				SWIFT_ACTIVE_COMPILATION_CONDITIONS = "DEBUG $(inherited)";
				SWIFT_OPTIMIZATION_LEVEL = "-Onone";
			};
			name = Debug;
		};
		90165DF52BF21AD800B3FB44 /* Release */ = {
			isa = XCBuildConfiguration;
			buildSettings = {
				ALWAYS_SEARCH_USER_PATHS = NO;
				ASSETCATALOG_COMPILER_GENERATE_SWIFT_ASSET_SYMBOL_EXTENSIONS = YES;
				CLANG_ANALYZER_NONNULL = YES;
				CLANG_ANALYZER_NUMBER_OBJECT_CONVERSION = YES_AGGRESSIVE;
				CLANG_CXX_LANGUAGE_STANDARD = "gnu++20";
				CLANG_ENABLE_MODULES = YES;
				CLANG_ENABLE_OBJC_ARC = YES;
				CLANG_ENABLE_OBJC_WEAK = YES;
				CLANG_WARN_BLOCK_CAPTURE_AUTORELEASING = YES;
				CLANG_WARN_BOOL_CONVERSION = YES;
				CLANG_WARN_COMMA = YES;
				CLANG_WARN_CONSTANT_CONVERSION = YES;
				CLANG_WARN_DEPRECATED_OBJC_IMPLEMENTATIONS = YES;
				CLANG_WARN_DIRECT_OBJC_ISA_USAGE = YES_ERROR;
				CLANG_WARN_DOCUMENTATION_COMMENTS = YES;
				CLANG_WARN_EMPTY_BODY = YES;
				CLANG_WARN_ENUM_CONVERSION = YES;
				CLANG_WARN_INFINITE_RECURSION = YES;
				CLANG_WARN_INT_CONVERSION = YES;
				CLANG_WARN_NON_LITERAL_NULL_CONVERSION = YES;
				CLANG_WARN_OBJC_IMPLICIT_RETAIN_SELF = YES;
				CLANG_WARN_OBJC_LITERAL_CONVERSION = YES;
				CLANG_WARN_OBJC_ROOT_CLASS = YES_ERROR;
				CLANG_WARN_QUOTED_INCLUDE_IN_FRAMEWORK_HEADER = YES;
				CLANG_WARN_RANGE_LOOP_ANALYSIS = YES;
				CLANG_WARN_STRICT_PROTOTYPES = YES;
				CLANG_WARN_SUSPICIOUS_MOVE = YES;
				CLANG_WARN_UNGUARDED_AVAILABILITY = YES_AGGRESSIVE;
				CLANG_WARN_UNREACHABLE_CODE = YES;
				CLANG_WARN__DUPLICATE_METHOD_MATCH = YES;
				COPY_PHASE_STRIP = NO;
				DEBUG_INFORMATION_FORMAT = "dwarf-with-dsym";
				ENABLE_NS_ASSERTIONS = NO;
				ENABLE_STRICT_OBJC_MSGSEND = YES;
				ENABLE_USER_SCRIPT_SANDBOXING = YES;
				GCC_C_LANGUAGE_STANDARD = gnu17;
				GCC_NO_COMMON_BLOCKS = YES;
				GCC_WARN_64_TO_32_BIT_CONVERSION = YES;
				GCC_WARN_ABOUT_RETURN_TYPE = YES_ERROR;
				GCC_WARN_UNDECLARED_SELECTOR = YES;
				GCC_WARN_UNINITIALIZED_AUTOS = YES_AGGRESSIVE;
				GCC_WARN_UNUSED_FUNCTION = YES;
				GCC_WARN_UNUSED_VARIABLE = YES;
				IPHONEOS_DEPLOYMENT_TARGET = 17.4;
				LOCALIZATION_PREFERS_STRING_CATALOGS = YES;
				MTL_ENABLE_DEBUG_INFO = NO;
				MTL_FAST_MATH = YES;
				SDKROOT = iphoneos;
				SWIFT_COMPILATION_MODE = wholemodule;
				VALIDATE_PRODUCT = YES;
			};
			name = Release;
		};
		90165DF72BF21AD800B3FB44 /* Debug */ = {
			isa = XCBuildConfiguration;
			buildSettings = {
				ASSETCATALOG_COMPILER_APPICON_NAME = AppIcon;
				ASSETCATALOG_COMPILER_GLOBAL_ACCENT_COLOR_NAME = AccentColor;
				CODE_SIGN_STYLE = Automatic;
				CURRENT_PROJECT_VERSION = 1;
				DEVELOPMENT_ASSET_PATHS = "\"InstagramClone/Preview Content\"";
				ENABLE_PREVIEWS = YES;
				GENERATE_INFOPLIST_FILE = YES;
				INFOPLIST_KEY_UIApplicationSceneManifest_Generation = YES;
				INFOPLIST_KEY_UIApplicationSupportsIndirectInputEvents = YES;
				INFOPLIST_KEY_UILaunchScreen_Generation = YES;
				INFOPLIST_KEY_UISupportedInterfaceOrientations_iPad = "UIInterfaceOrientationPortrait UIInterfaceOrientationPortraitUpsideDown UIInterfaceOrientationLandscapeLeft UIInterfaceOrientationLandscapeRight";
				INFOPLIST_KEY_UISupportedInterfaceOrientations_iPhone = "UIInterfaceOrientationPortrait UIInterfaceOrientationLandscapeLeft UIInterfaceOrientationLandscapeRight";
				LD_RUNPATH_SEARCH_PATHS = (
					"$(inherited)",
					"@executable_path/Frameworks",
				);
				MARKETING_VERSION = 1.0;
				PRODUCT_BUNDLE_IDENTIFIER = com.devjangir.InstagramClone;
				PRODUCT_NAME = "$(TARGET_NAME)";
				SWIFT_EMIT_LOC_STRINGS = YES;
				SWIFT_VERSION = 5.0;
				TARGETED_DEVICE_FAMILY = "1,2";
			};
			name = Debug;
		};
		90165DF82BF21AD800B3FB44 /* Release */ = {
			isa = XCBuildConfiguration;
			buildSettings = {
				ASSETCATALOG_COMPILER_APPICON_NAME = AppIcon;
				ASSETCATALOG_COMPILER_GLOBAL_ACCENT_COLOR_NAME = AccentColor;
				CODE_SIGN_STYLE = Automatic;
				CURRENT_PROJECT_VERSION = 1;
				DEVELOPMENT_ASSET_PATHS = "\"InstagramClone/Preview Content\"";
				ENABLE_PREVIEWS = YES;
				GENERATE_INFOPLIST_FILE = YES;
				INFOPLIST_KEY_UIApplicationSceneManifest_Generation = YES;
				INFOPLIST_KEY_UIApplicationSupportsIndirectInputEvents = YES;
				INFOPLIST_KEY_UILaunchScreen_Generation = YES;
				INFOPLIST_KEY_UISupportedInterfaceOrientations_iPad = "UIInterfaceOrientationPortrait UIInterfaceOrientationPortraitUpsideDown UIInterfaceOrientationLandscapeLeft UIInterfaceOrientationLandscapeRight";
				INFOPLIST_KEY_UISupportedInterfaceOrientations_iPhone = "UIInterfaceOrientationPortrait UIInterfaceOrientationLandscapeLeft UIInterfaceOrientationLandscapeRight";
				LD_RUNPATH_SEARCH_PATHS = (
					"$(inherited)",
					"@executable_path/Frameworks",
				);
				MARKETING_VERSION = 1.0;
				PRODUCT_BUNDLE_IDENTIFIER = com.devjangir.InstagramClone;
				PRODUCT_NAME = "$(TARGET_NAME)";
				SWIFT_EMIT_LOC_STRINGS = YES;
				SWIFT_VERSION = 5.0;
				TARGETED_DEVICE_FAMILY = "1,2";
			};
			name = Release;
		};
/* End XCBuildConfiguration section */

/* Begin XCConfigurationList section */
		90165DE32BF21AD600B3FB44 /* Build configuration list for PBXProject "InstagramClone" */ = {
			isa = XCConfigurationList;
			buildConfigurations = (
				90165DF42BF21AD800B3FB44 /* Debug */,
				90165DF52BF21AD800B3FB44 /* Release */,
			);
			defaultConfigurationIsVisible = 0;
			defaultConfigurationName = Release;
		};
		90165DF62BF21AD800B3FB44 /* Build configuration list for PBXNativeTarget "InstagramClone" */ = {
			isa = XCConfigurationList;
			buildConfigurations = (
				90165DF72BF21AD800B3FB44 /* Debug */,
				90165DF82BF21AD800B3FB44 /* Release */,
			);
			defaultConfigurationIsVisible = 0;
			defaultConfigurationName = Release;
		};
/* End XCConfigurationList section */
	};
	rootObject = 90165DE02BF21AD600B3FB44 /* Project object */;
}
